
Microsoft Visual Studio Solution File, Format Version 12.00
# Visual Studio 15
VisualStudioVersion = 15.0.26228.4
MinimumVisualStudioVersion = 10.0.40219.1
Project("{2150E333-8FDC-42A3-9474-1A3956D46DE8}") = "src", "src", "{ADD926A0-1731-43C4-84F9-EF5B04B71A79}"
EndProject
Project("{2150E333-8FDC-42A3-9474-1A3956D46DE8}") = "test", "test", "{B253C30C-EB42-412F-9F0C-BE46167473E3}"
EndProject
Project("{9A19103F-16F7-4668-BE54-9A1E7A4F7556}") = "GeoAPI", "src\GeoAPI\GeoAPI.csproj", "{39745112-2F69-44F3-9F9C-73BE02264E99}"
EndProject
Project("{9A19103F-16F7-4668-BE54-9A1E7A4F7556}") = "GeoAPI.Tests", "test\GeoAPI.Tests\GeoAPI.Tests.csproj", "{1214745F-03FE-471A-BB83-00D030A3C984}"
EndProject
Project("{2150E333-8FDC-42A3-9474-1A3956D46DE8}") = "Solution Items", "Solution Items", "{D38CF6A7-3C8E-429F-A98B-D559F1AB8A6F}"
	ProjectSection(SolutionItems) = preProject
		.gitignore = .gitignore
		.travis.yml = .travis.yml
		build.bat = build.bat
		build.sh = build.sh
		GeoAPI.nuspec = GeoAPI.nuspec
		README.md = README.md
		SharedAssemblyVersion.cs = SharedAssemblyVersion.cs
		TeamCity.targets = TeamCity.targets
	EndProjectSection
EndProject
Global
	GlobalSection(SolutionConfigurationPlatforms) = preSolution
		Debug|Any CPU = Debug|Any CPU
		Release|Any CPU = Release|Any CPU
	EndGlobalSection
	GlobalSection(ProjectConfigurationPlatforms) = postSolution
		{39745112-2F69-44F3-9F9C-73BE02264E99}.Debug|Any CPU.ActiveCfg = Debug|Any CPU
		{39745112-2F69-44F3-9F9C-73BE02264E99}.Debug|Any CPU.Build.0 = Debug|Any CPU
		{39745112-2F69-44F3-9F9C-73BE02264E99}.Release|Any CPU.ActiveCfg = Release|Any CPU
		{39745112-2F69-44F3-9F9C-73BE02264E99}.Release|Any CPU.Build.0 = Release|Any CPU
		{1214745F-03FE-471A-BB83-00D030A3C984}.Debug|Any CPU.ActiveCfg = Debug|Any CPU
		{1214745F-03FE-471A-BB83-00D030A3C984}.Debug|Any CPU.Build.0 = Debug|Any CPU
		{1214745F-03FE-471A-BB83-00D030A3C984}.Release|Any CPU.ActiveCfg = Release|Any CPU
		{1214745F-03FE-471A-BB83-00D030A3C984}.Release|Any CPU.Build.0 = Release|Any CPU
	EndGlobalSection
	GlobalSection(SolutionProperties) = preSolution
		HideSolutionNode = FALSE
	EndGlobalSection
	GlobalSection(NestedProjects) = preSolution
		{39745112-2F69-44F3-9F9C-73BE02264E99} = {ADD926A0-1731-43C4-84F9-EF5B04B71A79}
		{1214745F-03FE-471A-BB83-00D030A3C984} = {B253C30C-EB42-412F-9F0C-BE46167473E3}
	EndGlobalSection
EndGlobal
